
Microsoft Visual Studio Solution File, Format Version 12.00
# Visual Studio Version 16
VisualStudioVersion = 16.0.30717.126
MinimumVisualStudioVersion = 10.0.40219.1
Project("{FAE04EC0-301F-11D3-BF4B-00C04F79EFBC}") = "MGL_API", "MGL_API.csproj", "{D4B15509-4F4D-44AB-BBD2-5A3528183F04}"
EndProject
Global
	GlobalSection(SolutionConfigurationPlatforms) = preSolution
		Debug|Any CPU = Debug|Any CPU
		Release|Any CPU = Release|Any CPU
	EndGlobalSection
	GlobalSection(ProjectConfigurationPlatforms) = postSolution
		{D4B15509-4F4D-44AB-BBD2-5A3528183F04}.Debug|Any CPU.ActiveCfg = Debug|Any CPU
		{D4B15509-4F4D-44AB-BBD2-5A3528183F04}.Debug|Any CPU.Build.0 = Debug|Any CPU
		{D4B15509-4F4D-44AB-BBD2-5A3528183F04}.Release|Any CPU.ActiveCfg = Release|Any CPU
		{D4B15509-4F4D-44AB-BBD2-5A3528183F04}.Release|Any CPU.Build.0 = Release|Any CPU
	EndGlobalSection
	GlobalSection(SolutionProperties) = preSolution
		HideSolutionNode = FALSE
	EndGlobalSection
	GlobalSection(ExtensibilityGlobals) = postSolution
		SolutionGuid = {688CA2FA-9378-43C2-B2F1-A98881A0994B}
	EndGlobalSection
EndGlobal
